
Microsoft Visual Studio Solution File, Format Version 12.00
# Visual Studio Version 16
VisualStudioVersion = 16.0.32901.82
MinimumVisualStudioVersion = 10.0.40219.1
Project("{FAE04EC0-301F-11D3-BF4B-00C04F79EFBC}") = "CityTest", "CityTest\CityTest.csproj", "{6C279FD2-6C53-4AD6-97B1-516B0700E0CB}"
EndProject
Global
	GlobalSection(SolutionConfigurationPlatforms) = preSolution
		Debug|Any CPU = Debug|Any CPU
		Release|Any CPU = Release|Any CPU
	EndGlobalSection
	GlobalSection(ProjectConfigurationPlatforms) = postSolution
		{6C279FD2-6C53-4AD6-97B1-516B0700E0CB}.Debug|Any CPU.ActiveCfg = Debug|Any CPU
		{6C279FD2-6C53-4AD6-97B1-516B0700E0CB}.Debug|Any CPU.Build.0 = Debug|Any CPU
		{6C279FD2-6C53-4AD6-97B1-516B0700E0CB}.Release|Any CPU.ActiveCfg = Release|Any CPU
		{6C279FD2-6C53-4AD6-97B1-516B0700E0CB}.Release|Any CPU.Build.0 = Release|Any CPU
	EndGlobalSection
	GlobalSection(SolutionProperties) = preSolution
		HideSolutionNode = FALSE
	EndGlobalSection
	GlobalSection(ExtensibilityGlobals) = postSolution
		SolutionGuid = {545965AB-A0A4-42E2-8794-4DE3AD2810A1}
	EndGlobalSection
EndGlobal
